
Microsoft Visual Studio Solution File, Format Version 12.00
# Visual Studio Version 17
VisualStudioVersion = 17.14.36408.4 d17.14
MinimumVisualStudioVersion = 10.0.40219.1
Project("{FAE04EC0-301F-11D3-BF4B-00C04F79EFBC}") = "PolyChess", "PolyChess.Source/PolyChess.csproj", "{D5DA51D5-6B0B-4711-99CF-4D6543B77BD6}"
EndProject
Global
	GlobalSection(SolutionConfigurationPlatforms) = preSolution
		Debug|Any CPU = Debug|Any CPU
		Release|Any CPU = Release|Any CPU
	EndGlobalSection
	GlobalSection(ProjectConfigurationPlatforms) = postSolution
		{D5DA51D5-6B0B-4711-99CF-4D6543B77BD6}.Debug|Any CPU.ActiveCfg = Debug|Any CPU
		{D5DA51D5-6B0B-4711-99CF-4D6543B77BD6}.Debug|Any CPU.Build.0 = Debug|Any CPU
		{D5DA51D5-6B0B-4711-99CF-4D6543B77BD6}.Release|Any CPU.ActiveCfg = Release|Any CPU
		{D5DA51D5-6B0B-4711-99CF-4D6543B77BD6}.Release|Any CPU.Build.0 = Release|Any CPU
	EndGlobalSection
	GlobalSection(SolutionProperties) = preSolution
		HideSolutionNode = FALSE
	EndGlobalSection
	GlobalSection(ExtensibilityGlobals) = postSolution
		SolutionGuid = {BE38693A-62D1-4359-A66D-ED14BC5A2341}
	EndGlobalSection
EndGlobal
